
Microsoft Visual Studio Solution File, Format Version 12.00
# Visual Studio Version 16
VisualStudioVersion = 16.0.29209.62
MinimumVisualStudioVersion = 10.0.40219.1
Project("{2150E333-8FDC-42A3-9474-1A3956D46DE8}") = "01. Overview", "01. Overview", "{329A0FAD-6DB1-44A0-BAFA-7930C2A2B4E6}"
EndProject
Project("{2150E333-8FDC-42A3-9474-1A3956D46DE8}") = "01. Create a new cluster", "01. Create a new cluster", "{E693CB8C-C26B-483D-B894-72A89EB47FEF}"
EndProject
Project("{2150E333-8FDC-42A3-9474-1A3956D46DE8}") = "02. Shut down a new cluster", "02. Shut down a new cluster", "{0B2EDA33-8860-4857-8DC3-AF0E1D884909}"
EndProject
Project("{9A19103F-16F7-4668-BE54-9A1E7A4F7556}") = "SeedNode1", "01. Overview\01. Create a new cluster\SeedNode1\SeedNode1.csproj", "{3914D486-0A53-41D6-9CD5-7226934EA12F}"
EndProject
Project("{9A19103F-16F7-4668-BE54-9A1E7A4F7556}") = "SeedNode1", "01. Overview\02. Shut down a new cluster\SeedNode1\SeedNode1.csproj", "{FE37EAAA-BCF4-4310-B522-52E737305591}"
EndProject
Project("{2150E333-8FDC-42A3-9474-1A3956D46DE8}") = "04. Join the nodes to the cluster", "04. Join the nodes to the cluster", "{13250248-284E-43D2-A623-C6C6DFDD06CC}"
EndProject
Project("{9A19103F-16F7-4668-BE54-9A1E7A4F7556}") = "SeedNode1", "01. Overview\04. Join the nodes to the cluster\SeedNode1\SeedNode1.csproj", "{B54FD94D-1936-4322-8946-E014136243C3}"
EndProject
Project("{9A19103F-16F7-4668-BE54-9A1E7A4F7556}") = "NonSeedNode1", "01. Overview\04. Join the nodes to the cluster\NonSeedNode1\NonSeedNode1.csproj", "{DA2CA832-E2B8-44C9-A885-7FE7471FD478}"
EndProject
Project("{9A19103F-16F7-4668-BE54-9A1E7A4F7556}") = "NonSeedNode2", "01. Overview\04. Join the nodes to the cluster\NonSeedNode2\NonSeedNode2.csproj", "{51B4D1AC-42F7-43C5-AB1C-669CF754917C}"
EndProject
Project("{9A19103F-16F7-4668-BE54-9A1E7A4F7556}") = "NonSeedNode3", "01. Overview\04. Join the nodes to the cluster\NonSeedNode3\NonSeedNode3.csproj", "{B8E07ED0-FE19-4205-B4CA-9CC5A296EAFB}"
EndProject
Project("{2150E333-8FDC-42A3-9474-1A3956D46DE8}") = "03. Join multiple seed nodes by self first order", "03. Join multiple seed nodes by self first order", "{95B52DB6-630B-4793-8228-A5F7642C9402}"
	ProjectSection(SolutionItems) = preProject
		01. Overview\03. Join multiple seed nodes by self first order\README.md = 01. Overview\03. Join multiple seed nodes by self first order\README.md
	EndProjectSection
EndProject
Project("{2150E333-8FDC-42A3-9474-1A3956D46DE8}") = "04. Join multiple seed nodes by fixed order", "04. Join multiple seed nodes by fixed order", "{1BA72D18-E277-4CBC-ABC0-CB66B858F825}"
	ProjectSection(SolutionItems) = preProject
		01. Overview\04. Join multiple seed nodes by fixed order\README.md = 01. Overview\04. Join multiple seed nodes by fixed order\README.md
	EndProjectSection
EndProject
Project("{9A19103F-16F7-4668-BE54-9A1E7A4F7556}") = "SeedNode1", "01. Overview\03. Join multiple seed nodes by self first order\SeedNode1\SeedNode1.csproj", "{402A2AD3-D882-4BA2-A45B-6E8437DA4C0A}"
EndProject
Project("{9A19103F-16F7-4668-BE54-9A1E7A4F7556}") = "SeedNode2", "01. Overview\03. Join multiple seed nodes by self first order\SeedNode2\SeedNode2.csproj", "{F62932DD-94E5-488E-A848-AC1D3DDA7EA9}"
EndProject
Project("{9A19103F-16F7-4668-BE54-9A1E7A4F7556}") = "SeedNode1", "01. Overview\04. Join multiple seed nodes by fixed order\SeedNode1\SeedNode1.csproj", "{51FFB957-0676-4E0B-BF20-4646538C620E}"
EndProject
Project("{9A19103F-16F7-4668-BE54-9A1E7A4F7556}") = "SeedNode2", "01. Overview\04. Join multiple seed nodes by fixed order\SeedNode2\SeedNode2.csproj", "{A193B92D-4CC3-4BA4-A598-6525A72B262B}"
EndProject
Project("{FAE04EC0-301F-11D3-BF4B-00C04F79EFBC}") = "SeedNode3", "01. Overview\04. Join multiple seed nodes by fixed order\SeedNode3\SeedNode3.csproj", "{845C6CBB-0F42-44AA-867A-F2ABDB65D651}"
EndProject
Global
	GlobalSection(SolutionConfigurationPlatforms) = preSolution
		Debug|Any CPU = Debug|Any CPU
		Release|Any CPU = Release|Any CPU
	EndGlobalSection
	GlobalSection(ProjectConfigurationPlatforms) = postSolution
		{3914D486-0A53-41D6-9CD5-7226934EA12F}.Debug|Any CPU.ActiveCfg = Debug|Any CPU
		{3914D486-0A53-41D6-9CD5-7226934EA12F}.Debug|Any CPU.Build.0 = Debug|Any CPU
		{3914D486-0A53-41D6-9CD5-7226934EA12F}.Release|Any CPU.ActiveCfg = Release|Any CPU
		{3914D486-0A53-41D6-9CD5-7226934EA12F}.Release|Any CPU.Build.0 = Release|Any CPU
		{FE37EAAA-BCF4-4310-B522-52E737305591}.Debug|Any CPU.ActiveCfg = Debug|Any CPU
		{FE37EAAA-BCF4-4310-B522-52E737305591}.Debug|Any CPU.Build.0 = Debug|Any CPU
		{FE37EAAA-BCF4-4310-B522-52E737305591}.Release|Any CPU.ActiveCfg = Release|Any CPU
		{FE37EAAA-BCF4-4310-B522-52E737305591}.Release|Any CPU.Build.0 = Release|Any CPU
		{B54FD94D-1936-4322-8946-E014136243C3}.Debug|Any CPU.ActiveCfg = Debug|Any CPU
		{B54FD94D-1936-4322-8946-E014136243C3}.Debug|Any CPU.Build.0 = Debug|Any CPU
		{B54FD94D-1936-4322-8946-E014136243C3}.Release|Any CPU.ActiveCfg = Release|Any CPU
		{B54FD94D-1936-4322-8946-E014136243C3}.Release|Any CPU.Build.0 = Release|Any CPU
		{DA2CA832-E2B8-44C9-A885-7FE7471FD478}.Debug|Any CPU.ActiveCfg = Debug|Any CPU
		{DA2CA832-E2B8-44C9-A885-7FE7471FD478}.Debug|Any CPU.Build.0 = Debug|Any CPU
		{DA2CA832-E2B8-44C9-A885-7FE7471FD478}.Release|Any CPU.ActiveCfg = Release|Any CPU
		{DA2CA832-E2B8-44C9-A885-7FE7471FD478}.Release|Any CPU.Build.0 = Release|Any CPU
		{51B4D1AC-42F7-43C5-AB1C-669CF754917C}.Debug|Any CPU.ActiveCfg = Debug|Any CPU
		{51B4D1AC-42F7-43C5-AB1C-669CF754917C}.Debug|Any CPU.Build.0 = Debug|Any CPU
		{51B4D1AC-42F7-43C5-AB1C-669CF754917C}.Release|Any CPU.ActiveCfg = Release|Any CPU
		{51B4D1AC-42F7-43C5-AB1C-669CF754917C}.Release|Any CPU.Build.0 = Release|Any CPU
		{B8E07ED0-FE19-4205-B4CA-9CC5A296EAFB}.Debug|Any CPU.ActiveCfg = Debug|Any CPU
		{B8E07ED0-FE19-4205-B4CA-9CC5A296EAFB}.Debug|Any CPU.Build.0 = Debug|Any CPU
		{B8E07ED0-FE19-4205-B4CA-9CC5A296EAFB}.Release|Any CPU.ActiveCfg = Release|Any CPU
		{B8E07ED0-FE19-4205-B4CA-9CC5A296EAFB}.Release|Any CPU.Build.0 = Release|Any CPU
		{402A2AD3-D882-4BA2-A45B-6E8437DA4C0A}.Debug|Any CPU.ActiveCfg = Debug|Any CPU
		{402A2AD3-D882-4BA2-A45B-6E8437DA4C0A}.Debug|Any CPU.Build.0 = Debug|Any CPU
		{402A2AD3-D882-4BA2-A45B-6E8437DA4C0A}.Release|Any CPU.ActiveCfg = Release|Any CPU
		{402A2AD3-D882-4BA2-A45B-6E8437DA4C0A}.Release|Any CPU.Build.0 = Release|Any CPU
		{F62932DD-94E5-488E-A848-AC1D3DDA7EA9}.Debug|Any CPU.ActiveCfg = Debug|Any CPU
		{F62932DD-94E5-488E-A848-AC1D3DDA7EA9}.Debug|Any CPU.Build.0 = Debug|Any CPU
		{F62932DD-94E5-488E-A848-AC1D3DDA7EA9}.Release|Any CPU.ActiveCfg = Release|Any CPU
		{F62932DD-94E5-488E-A848-AC1D3DDA7EA9}.Release|Any CPU.Build.0 = Release|Any CPU
		{51FFB957-0676-4E0B-BF20-4646538C620E}.Debug|Any CPU.ActiveCfg = Debug|Any CPU
		{51FFB957-0676-4E0B-BF20-4646538C620E}.Debug|Any CPU.Build.0 = Debug|Any CPU
		{51FFB957-0676-4E0B-BF20-4646538C620E}.Release|Any CPU.ActiveCfg = Release|Any CPU
		{51FFB957-0676-4E0B-BF20-4646538C620E}.Release|Any CPU.Build.0 = Release|Any CPU
		{A193B92D-4CC3-4BA4-A598-6525A72B262B}.Debug|Any CPU.ActiveCfg = Debug|Any CPU
		{A193B92D-4CC3-4BA4-A598-6525A72B262B}.Debug|Any CPU.Build.0 = Debug|Any CPU
		{A193B92D-4CC3-4BA4-A598-6525A72B262B}.Release|Any CPU.ActiveCfg = Release|Any CPU
		{A193B92D-4CC3-4BA4-A598-6525A72B262B}.Release|Any CPU.Build.0 = Release|Any CPU
		{845C6CBB-0F42-44AA-867A-F2ABDB65D651}.Debug|Any CPU.ActiveCfg = Debug|Any CPU
		{845C6CBB-0F42-44AA-867A-F2ABDB65D651}.Debug|Any CPU.Build.0 = Debug|Any CPU
		{845C6CBB-0F42-44AA-867A-F2ABDB65D651}.Release|Any CPU.ActiveCfg = Release|Any CPU
		{845C6CBB-0F42-44AA-867A-F2ABDB65D651}.Release|Any CPU.Build.0 = Release|Any CPU
	EndGlobalSection
	GlobalSection(SolutionProperties) = preSolution
		HideSolutionNode = FALSE
	EndGlobalSection
	GlobalSection(NestedProjects) = preSolution
		{E693CB8C-C26B-483D-B894-72A89EB47FEF} = {329A0FAD-6DB1-44A0-BAFA-7930C2A2B4E6}
		{0B2EDA33-8860-4857-8DC3-AF0E1D884909} = {329A0FAD-6DB1-44A0-BAFA-7930C2A2B4E6}
		{3914D486-0A53-41D6-9CD5-7226934EA12F} = {E693CB8C-C26B-483D-B894-72A89EB47FEF}
		{FE37EAAA-BCF4-4310-B522-52E737305591} = {0B2EDA33-8860-4857-8DC3-AF0E1D884909}
		{13250248-284E-43D2-A623-C6C6DFDD06CC} = {329A0FAD-6DB1-44A0-BAFA-7930C2A2B4E6}
		{B54FD94D-1936-4322-8946-E014136243C3} = {13250248-284E-43D2-A623-C6C6DFDD06CC}
		{DA2CA832-E2B8-44C9-A885-7FE7471FD478} = {13250248-284E-43D2-A623-C6C6DFDD06CC}
		{51B4D1AC-42F7-43C5-AB1C-669CF754917C} = {13250248-284E-43D2-A623-C6C6DFDD06CC}
		{B8E07ED0-FE19-4205-B4CA-9CC5A296EAFB} = {13250248-284E-43D2-A623-C6C6DFDD06CC}
		{95B52DB6-630B-4793-8228-A5F7642C9402} = {329A0FAD-6DB1-44A0-BAFA-7930C2A2B4E6}
		{1BA72D18-E277-4CBC-ABC0-CB66B858F825} = {329A0FAD-6DB1-44A0-BAFA-7930C2A2B4E6}
		{402A2AD3-D882-4BA2-A45B-6E8437DA4C0A} = {95B52DB6-630B-4793-8228-A5F7642C9402}
		{F62932DD-94E5-488E-A848-AC1D3DDA7EA9} = {95B52DB6-630B-4793-8228-A5F7642C9402}
		{51FFB957-0676-4E0B-BF20-4646538C620E} = {1BA72D18-E277-4CBC-ABC0-CB66B858F825}
		{A193B92D-4CC3-4BA4-A598-6525A72B262B} = {1BA72D18-E277-4CBC-ABC0-CB66B858F825}
		{845C6CBB-0F42-44AA-867A-F2ABDB65D651} = {1BA72D18-E277-4CBC-ABC0-CB66B858F825}
	EndGlobalSection
	GlobalSection(ExtensibilityGlobals) = postSolution
		SolutionGuid = {95F4A972-BB1C-4EC5-87A1-FA15574E3FA2}
	EndGlobalSection
EndGlobal
