
Microsoft Visual Studio Solution File, Format Version 12.00
# Visual Studio Version 16
VisualStudioVersion = 16.0.29209.62
MinimumVisualStudioVersion = 10.0.40219.1
Project("{2150E333-8FDC-42A3-9474-1A3956D46DE8}") = "01. Overview", "01. Overview", "{329A0FAD-6DB1-44A0-BAFA-7930C2A2B4E6}"
EndProject
Project("{2150E333-8FDC-42A3-9474-1A3956D46DE8}") = "01. Create a new cluster", "01. Create a new cluster", "{E693CB8C-C26B-483D-B894-72A89EB47FEF}"
EndProject
Project("{2150E333-8FDC-42A3-9474-1A3956D46DE8}") = "02. Shut down a new cluster", "02. Shut down a new cluster", "{0B2EDA33-8860-4857-8DC3-AF0E1D884909}"
EndProject
Project("{9A19103F-16F7-4668-BE54-9A1E7A4F7556}") = "SeedNode1", "01. Overview\01. Create a new cluster\SeedNode1\SeedNode1.csproj", "{3914D486-0A53-41D6-9CD5-7226934EA12F}"
EndProject
Project("{9A19103F-16F7-4668-BE54-9A1E7A4F7556}") = "SeedNode1", "01. Overview\02. Shut down a new cluster\SeedNode1\SeedNode1.csproj", "{FE37EAAA-BCF4-4310-B522-52E737305591}"
EndProject
Global
	GlobalSection(SolutionConfigurationPlatforms) = preSolution
		Debug|Any CPU = Debug|Any CPU
		Release|Any CPU = Release|Any CPU
	EndGlobalSection
	GlobalSection(ProjectConfigurationPlatforms) = postSolution
		{3914D486-0A53-41D6-9CD5-7226934EA12F}.Debug|Any CPU.ActiveCfg = Debug|Any CPU
		{3914D486-0A53-41D6-9CD5-7226934EA12F}.Debug|Any CPU.Build.0 = Debug|Any CPU
		{3914D486-0A53-41D6-9CD5-7226934EA12F}.Release|Any CPU.ActiveCfg = Release|Any CPU
		{3914D486-0A53-41D6-9CD5-7226934EA12F}.Release|Any CPU.Build.0 = Release|Any CPU
		{FE37EAAA-BCF4-4310-B522-52E737305591}.Debug|Any CPU.ActiveCfg = Debug|Any CPU
		{FE37EAAA-BCF4-4310-B522-52E737305591}.Debug|Any CPU.Build.0 = Debug|Any CPU
		{FE37EAAA-BCF4-4310-B522-52E737305591}.Release|Any CPU.ActiveCfg = Release|Any CPU
		{FE37EAAA-BCF4-4310-B522-52E737305591}.Release|Any CPU.Build.0 = Release|Any CPU
	EndGlobalSection
	GlobalSection(SolutionProperties) = preSolution
		HideSolutionNode = FALSE
	EndGlobalSection
	GlobalSection(NestedProjects) = preSolution
		{E693CB8C-C26B-483D-B894-72A89EB47FEF} = {329A0FAD-6DB1-44A0-BAFA-7930C2A2B4E6}
		{0B2EDA33-8860-4857-8DC3-AF0E1D884909} = {329A0FAD-6DB1-44A0-BAFA-7930C2A2B4E6}
		{3914D486-0A53-41D6-9CD5-7226934EA12F} = {E693CB8C-C26B-483D-B894-72A89EB47FEF}
		{FE37EAAA-BCF4-4310-B522-52E737305591} = {0B2EDA33-8860-4857-8DC3-AF0E1D884909}
	EndGlobalSection
	GlobalSection(ExtensibilityGlobals) = postSolution
		SolutionGuid = {95F4A972-BB1C-4EC5-87A1-FA15574E3FA2}
	EndGlobalSection
EndGlobal
