
Microsoft Visual Studio Solution File, Format Version 12.00
# Visual Studio 15
VisualStudioVersion = 15.0.28307.572
MinimumVisualStudioVersion = 10.0.40219.1
Project("{2150E333-8FDC-42A3-9474-1A3956D46DE8}") = "Ch 01. Overview", "Ch 01. Overview", "{CFC43114-A89D-458F-B54D-28B9262D3C19}"
EndProject
Project("{2150E333-8FDC-42A3-9474-1A3956D46DE8}") = "01. ReceivePersistentActor", "01. ReceivePersistentActor", "{7EC36D0F-25DA-4F4A-8D06-4E82CF6BC777}"
EndProject
Project("{9A19103F-16F7-4668-BE54-9A1E7A4F7556}") = "Persistent_01_ReReceiveMessages", "Ch 01. Overview\01. ReceivePersistentActor\Persistent_01_ReReceiveMessages\Persistent_01_ReReceiveMessages.csproj", "{DC1694FE-1BC3-4DA5-9276-18A897F44FDB}"
EndProject
Project("{9A19103F-16F7-4668-BE54-9A1E7A4F7556}") = "Persistent_02_Sqlite", "Ch 01. Overview\01. ReceivePersistentActor\Persistent_02_Sqlite\Persistent_02_Sqlite.csproj", "{079F27C7-8154-4193-82A7-33FD3E7FBAA7}"
EndProject
Project("{2150E333-8FDC-42A3-9474-1A3956D46DE8}") = "02. AtLeastOnceDeliveryReceiveActor", "02. AtLeastOnceDeliveryReceiveActor", "{F098830A-35F4-44E5-B5E7-48401E86FB3F}"
EndProject
Project("{FAE04EC0-301F-11D3-BF4B-00C04F79EFBC}") = "AtLeastOnceDelivery_01_Basics", "Ch 01. Overview\02. AtLeastOnceDeliveryReceiveActor\AtLeastOnceDelivery_01_Basics\AtLeastOnceDelivery_01_Basics.csproj", "{0518B8F1-EA1E-48EB-8AA6-D715264F698E}"
EndProject
Global
	GlobalSection(SolutionConfigurationPlatforms) = preSolution
		Debug|Any CPU = Debug|Any CPU
		Release|Any CPU = Release|Any CPU
	EndGlobalSection
	GlobalSection(ProjectConfigurationPlatforms) = postSolution
		{DC1694FE-1BC3-4DA5-9276-18A897F44FDB}.Debug|Any CPU.ActiveCfg = Debug|Any CPU
		{DC1694FE-1BC3-4DA5-9276-18A897F44FDB}.Debug|Any CPU.Build.0 = Debug|Any CPU
		{DC1694FE-1BC3-4DA5-9276-18A897F44FDB}.Release|Any CPU.ActiveCfg = Release|Any CPU
		{DC1694FE-1BC3-4DA5-9276-18A897F44FDB}.Release|Any CPU.Build.0 = Release|Any CPU
		{079F27C7-8154-4193-82A7-33FD3E7FBAA7}.Debug|Any CPU.ActiveCfg = Debug|Any CPU
		{079F27C7-8154-4193-82A7-33FD3E7FBAA7}.Debug|Any CPU.Build.0 = Debug|Any CPU
		{079F27C7-8154-4193-82A7-33FD3E7FBAA7}.Release|Any CPU.ActiveCfg = Release|Any CPU
		{079F27C7-8154-4193-82A7-33FD3E7FBAA7}.Release|Any CPU.Build.0 = Release|Any CPU
		{0518B8F1-EA1E-48EB-8AA6-D715264F698E}.Debug|Any CPU.ActiveCfg = Debug|Any CPU
		{0518B8F1-EA1E-48EB-8AA6-D715264F698E}.Debug|Any CPU.Build.0 = Debug|Any CPU
		{0518B8F1-EA1E-48EB-8AA6-D715264F698E}.Release|Any CPU.ActiveCfg = Release|Any CPU
		{0518B8F1-EA1E-48EB-8AA6-D715264F698E}.Release|Any CPU.Build.0 = Release|Any CPU
	EndGlobalSection
	GlobalSection(SolutionProperties) = preSolution
		HideSolutionNode = FALSE
	EndGlobalSection
	GlobalSection(NestedProjects) = preSolution
		{7EC36D0F-25DA-4F4A-8D06-4E82CF6BC777} = {CFC43114-A89D-458F-B54D-28B9262D3C19}
		{DC1694FE-1BC3-4DA5-9276-18A897F44FDB} = {7EC36D0F-25DA-4F4A-8D06-4E82CF6BC777}
		{079F27C7-8154-4193-82A7-33FD3E7FBAA7} = {7EC36D0F-25DA-4F4A-8D06-4E82CF6BC777}
		{F098830A-35F4-44E5-B5E7-48401E86FB3F} = {CFC43114-A89D-458F-B54D-28B9262D3C19}
		{0518B8F1-EA1E-48EB-8AA6-D715264F698E} = {F098830A-35F4-44E5-B5E7-48401E86FB3F}
	EndGlobalSection
	GlobalSection(ExtensibilityGlobals) = postSolution
		SolutionGuid = {E3F0D35B-5841-4460-B8F6-99C4CBF91C5A}
	EndGlobalSection
EndGlobal
