
Microsoft Visual Studio Solution File, Format Version 12.00
# Visual Studio 15
VisualStudioVersion = 15.0.28307.572
MinimumVisualStudioVersion = 10.0.40219.1
Project("{2150E333-8FDC-42A3-9474-1A3956D46DE8}") = "01. Overview", "01. Overview", "{A1CF0C0C-3F7F-4B4B-8BE0-BFA838013B19}"
EndProject
Project("{2150E333-8FDC-42A3-9474-1A3956D46DE8}") = "01. Getting Started", "01. Getting Started", "{962AD9F9-AC02-4D3B-AF11-861059B0E922}"
EndProject
Project("{FAE04EC0-301F-11D3-BF4B-00C04F79EFBC}") = "SeedNode1", "01. Overview\01. Getting Started\SeedNode1\SeedNode1.csproj", "{E7733AA8-5754-4715-8B33-5BE24EEFC78F}"
EndProject
Project("{FAE04EC0-301F-11D3-BF4B-00C04F79EFBC}") = "NonSeedNode1", "01. Overview\01. Getting Started\NonSeedNode1\NonSeedNode1.csproj", "{57627319-A35B-4434-9323-E5EE7E34791C}"
EndProject
Project("{FAE04EC0-301F-11D3-BF4B-00C04F79EFBC}") = "NonSeedNode2", "01. Overview\01. Getting Started\NonSeedNode2\NonSeedNode2.csproj", "{5BBC1D43-29AF-4753-AE1D-DA21E8E28454}"
EndProject
Project("{FAE04EC0-301F-11D3-BF4B-00C04F79EFBC}") = "NonSeedNode3", "01. Overview\01. Getting Started\NonSeedNode3\NonSeedNode3.csproj", "{7CECE761-29A3-4C20-85F4-78B745BF8D8F}"
EndProject
Project("{2150E333-8FDC-42A3-9474-1A3956D46DE8}") = "02. Integrated with Petabridge.Cmd", "02. Integrated with Petabridge.Cmd", "{C6431149-253E-4F6E-A161-A181BBC7E78A}"
EndProject
Project("{9A19103F-16F7-4668-BE54-9A1E7A4F7556}") = "SeedNode1", "01. Overview\02. Integrated with Petabridge.Cmd\SeedNode1\SeedNode1.csproj", "{A67337ED-78C9-49A7-AC85-74C664C6C127}"
EndProject
Project("{9A19103F-16F7-4668-BE54-9A1E7A4F7556}") = "NonSeedNode1", "01. Overview\02. Integrated with Petabridge.Cmd\NonSeedNode1\NonSeedNode1.csproj", "{C015FB94-F429-4FA1-8991-97C08ABAD03D}"
EndProject
Project("{9A19103F-16F7-4668-BE54-9A1E7A4F7556}") = "NonSeedNode2", "01. Overview\02. Integrated with Petabridge.Cmd\NonSeedNode2\NonSeedNode2.csproj", "{85955324-3810-4104-AFBD-C9D0673EFC6D}"
EndProject
Project("{9A19103F-16F7-4668-BE54-9A1E7A4F7556}") = "NonSeedNode3", "01. Overview\02. Integrated with Petabridge.Cmd\NonSeedNode3\NonSeedNode3.csproj", "{E604DE1F-A746-4465-808F-5356B6AE4B6A}"
EndProject
Global
	GlobalSection(SolutionConfigurationPlatforms) = preSolution
		Debug|Any CPU = Debug|Any CPU
		Release|Any CPU = Release|Any CPU
	EndGlobalSection
	GlobalSection(ProjectConfigurationPlatforms) = postSolution
		{E7733AA8-5754-4715-8B33-5BE24EEFC78F}.Debug|Any CPU.ActiveCfg = Debug|Any CPU
		{E7733AA8-5754-4715-8B33-5BE24EEFC78F}.Debug|Any CPU.Build.0 = Debug|Any CPU
		{E7733AA8-5754-4715-8B33-5BE24EEFC78F}.Release|Any CPU.ActiveCfg = Release|Any CPU
		{E7733AA8-5754-4715-8B33-5BE24EEFC78F}.Release|Any CPU.Build.0 = Release|Any CPU
		{57627319-A35B-4434-9323-E5EE7E34791C}.Debug|Any CPU.ActiveCfg = Debug|Any CPU
		{57627319-A35B-4434-9323-E5EE7E34791C}.Debug|Any CPU.Build.0 = Debug|Any CPU
		{57627319-A35B-4434-9323-E5EE7E34791C}.Release|Any CPU.ActiveCfg = Release|Any CPU
		{57627319-A35B-4434-9323-E5EE7E34791C}.Release|Any CPU.Build.0 = Release|Any CPU
		{5BBC1D43-29AF-4753-AE1D-DA21E8E28454}.Debug|Any CPU.ActiveCfg = Debug|Any CPU
		{5BBC1D43-29AF-4753-AE1D-DA21E8E28454}.Debug|Any CPU.Build.0 = Debug|Any CPU
		{5BBC1D43-29AF-4753-AE1D-DA21E8E28454}.Release|Any CPU.ActiveCfg = Release|Any CPU
		{5BBC1D43-29AF-4753-AE1D-DA21E8E28454}.Release|Any CPU.Build.0 = Release|Any CPU
		{7CECE761-29A3-4C20-85F4-78B745BF8D8F}.Debug|Any CPU.ActiveCfg = Debug|Any CPU
		{7CECE761-29A3-4C20-85F4-78B745BF8D8F}.Debug|Any CPU.Build.0 = Debug|Any CPU
		{7CECE761-29A3-4C20-85F4-78B745BF8D8F}.Release|Any CPU.ActiveCfg = Release|Any CPU
		{7CECE761-29A3-4C20-85F4-78B745BF8D8F}.Release|Any CPU.Build.0 = Release|Any CPU
		{A67337ED-78C9-49A7-AC85-74C664C6C127}.Debug|Any CPU.ActiveCfg = Debug|Any CPU
		{A67337ED-78C9-49A7-AC85-74C664C6C127}.Debug|Any CPU.Build.0 = Debug|Any CPU
		{A67337ED-78C9-49A7-AC85-74C664C6C127}.Release|Any CPU.ActiveCfg = Release|Any CPU
		{A67337ED-78C9-49A7-AC85-74C664C6C127}.Release|Any CPU.Build.0 = Release|Any CPU
		{C015FB94-F429-4FA1-8991-97C08ABAD03D}.Debug|Any CPU.ActiveCfg = Debug|Any CPU
		{C015FB94-F429-4FA1-8991-97C08ABAD03D}.Debug|Any CPU.Build.0 = Debug|Any CPU
		{C015FB94-F429-4FA1-8991-97C08ABAD03D}.Release|Any CPU.ActiveCfg = Release|Any CPU
		{C015FB94-F429-4FA1-8991-97C08ABAD03D}.Release|Any CPU.Build.0 = Release|Any CPU
		{85955324-3810-4104-AFBD-C9D0673EFC6D}.Debug|Any CPU.ActiveCfg = Debug|Any CPU
		{85955324-3810-4104-AFBD-C9D0673EFC6D}.Debug|Any CPU.Build.0 = Debug|Any CPU
		{85955324-3810-4104-AFBD-C9D0673EFC6D}.Release|Any CPU.ActiveCfg = Release|Any CPU
		{85955324-3810-4104-AFBD-C9D0673EFC6D}.Release|Any CPU.Build.0 = Release|Any CPU
		{E604DE1F-A746-4465-808F-5356B6AE4B6A}.Debug|Any CPU.ActiveCfg = Debug|Any CPU
		{E604DE1F-A746-4465-808F-5356B6AE4B6A}.Debug|Any CPU.Build.0 = Debug|Any CPU
		{E604DE1F-A746-4465-808F-5356B6AE4B6A}.Release|Any CPU.ActiveCfg = Release|Any CPU
		{E604DE1F-A746-4465-808F-5356B6AE4B6A}.Release|Any CPU.Build.0 = Release|Any CPU
	EndGlobalSection
	GlobalSection(SolutionProperties) = preSolution
		HideSolutionNode = FALSE
	EndGlobalSection
	GlobalSection(NestedProjects) = preSolution
		{962AD9F9-AC02-4D3B-AF11-861059B0E922} = {A1CF0C0C-3F7F-4B4B-8BE0-BFA838013B19}
		{E7733AA8-5754-4715-8B33-5BE24EEFC78F} = {962AD9F9-AC02-4D3B-AF11-861059B0E922}
		{57627319-A35B-4434-9323-E5EE7E34791C} = {962AD9F9-AC02-4D3B-AF11-861059B0E922}
		{5BBC1D43-29AF-4753-AE1D-DA21E8E28454} = {962AD9F9-AC02-4D3B-AF11-861059B0E922}
		{7CECE761-29A3-4C20-85F4-78B745BF8D8F} = {962AD9F9-AC02-4D3B-AF11-861059B0E922}
		{C6431149-253E-4F6E-A161-A181BBC7E78A} = {A1CF0C0C-3F7F-4B4B-8BE0-BFA838013B19}
		{A67337ED-78C9-49A7-AC85-74C664C6C127} = {C6431149-253E-4F6E-A161-A181BBC7E78A}
		{C015FB94-F429-4FA1-8991-97C08ABAD03D} = {C6431149-253E-4F6E-A161-A181BBC7E78A}
		{85955324-3810-4104-AFBD-C9D0673EFC6D} = {C6431149-253E-4F6E-A161-A181BBC7E78A}
		{E604DE1F-A746-4465-808F-5356B6AE4B6A} = {C6431149-253E-4F6E-A161-A181BBC7E78A}
	EndGlobalSection
	GlobalSection(ExtensibilityGlobals) = postSolution
		SolutionGuid = {ECF7691A-061A-4CA7-820E-B9E14611A042}
	EndGlobalSection
EndGlobal
