
Microsoft Visual Studio Solution File, Format Version 12.00
# Visual Studio 15
VisualStudioVersion = 15.0.28307.572
MinimumVisualStudioVersion = 10.0.40219.1
Project("{2150E333-8FDC-42A3-9474-1A3956D46DE8}") = "001. Getting Started Cluster", "001. Getting Started Cluster", "{2F728CDC-36B4-4C37-8AC7-282617F13480}"
EndProject
Project("{FAE04EC0-301F-11D3-BF4B-00C04F79EFBC}") = "SeedNode1", "001. Getting Started Cluster\SeedNode1\SeedNode1.csproj", "{3055EFD2-7CD1-45C2-8D89-07B31337C001}"
EndProject
Project("{FAE04EC0-301F-11D3-BF4B-00C04F79EFBC}") = "NonSeedNode1", "001. Getting Started Cluster\NonSeedNode1\NonSeedNode1.csproj", "{F057F12C-9AB2-41D3-A028-2DE71DBF45C8}"
EndProject
Project("{FAE04EC0-301F-11D3-BF4B-00C04F79EFBC}") = "NonSeedNode2", "001. Getting Started Cluster\NonSeedNode2\NonSeedNode2.csproj", "{5DCA8E56-6D03-4951-99A0-38FCFE366273}"
EndProject
Project("{FAE04EC0-301F-11D3-BF4B-00C04F79EFBC}") = "NonSeedNode3", "001. Getting Started Cluster\NonSeedNode3\NonSeedNode3.csproj", "{88F168EE-21E2-4149-9140-0A3353F73BBA}"
EndProject
Global
	GlobalSection(SolutionConfigurationPlatforms) = preSolution
		Debug|Any CPU = Debug|Any CPU
		Release|Any CPU = Release|Any CPU
	EndGlobalSection
	GlobalSection(ProjectConfigurationPlatforms) = postSolution
		{3055EFD2-7CD1-45C2-8D89-07B31337C001}.Debug|Any CPU.ActiveCfg = Debug|Any CPU
		{3055EFD2-7CD1-45C2-8D89-07B31337C001}.Debug|Any CPU.Build.0 = Debug|Any CPU
		{3055EFD2-7CD1-45C2-8D89-07B31337C001}.Release|Any CPU.ActiveCfg = Release|Any CPU
		{3055EFD2-7CD1-45C2-8D89-07B31337C001}.Release|Any CPU.Build.0 = Release|Any CPU
		{F057F12C-9AB2-41D3-A028-2DE71DBF45C8}.Debug|Any CPU.ActiveCfg = Debug|Any CPU
		{F057F12C-9AB2-41D3-A028-2DE71DBF45C8}.Debug|Any CPU.Build.0 = Debug|Any CPU
		{F057F12C-9AB2-41D3-A028-2DE71DBF45C8}.Release|Any CPU.ActiveCfg = Release|Any CPU
		{F057F12C-9AB2-41D3-A028-2DE71DBF45C8}.Release|Any CPU.Build.0 = Release|Any CPU
		{5DCA8E56-6D03-4951-99A0-38FCFE366273}.Debug|Any CPU.ActiveCfg = Debug|Any CPU
		{5DCA8E56-6D03-4951-99A0-38FCFE366273}.Debug|Any CPU.Build.0 = Debug|Any CPU
		{5DCA8E56-6D03-4951-99A0-38FCFE366273}.Release|Any CPU.ActiveCfg = Release|Any CPU
		{5DCA8E56-6D03-4951-99A0-38FCFE366273}.Release|Any CPU.Build.0 = Release|Any CPU
		{88F168EE-21E2-4149-9140-0A3353F73BBA}.Debug|Any CPU.ActiveCfg = Debug|Any CPU
		{88F168EE-21E2-4149-9140-0A3353F73BBA}.Debug|Any CPU.Build.0 = Debug|Any CPU
		{88F168EE-21E2-4149-9140-0A3353F73BBA}.Release|Any CPU.ActiveCfg = Release|Any CPU
		{88F168EE-21E2-4149-9140-0A3353F73BBA}.Release|Any CPU.Build.0 = Release|Any CPU
	EndGlobalSection
	GlobalSection(SolutionProperties) = preSolution
		HideSolutionNode = FALSE
	EndGlobalSection
	GlobalSection(NestedProjects) = preSolution
		{3055EFD2-7CD1-45C2-8D89-07B31337C001} = {2F728CDC-36B4-4C37-8AC7-282617F13480}
		{F057F12C-9AB2-41D3-A028-2DE71DBF45C8} = {2F728CDC-36B4-4C37-8AC7-282617F13480}
		{5DCA8E56-6D03-4951-99A0-38FCFE366273} = {2F728CDC-36B4-4C37-8AC7-282617F13480}
		{88F168EE-21E2-4149-9140-0A3353F73BBA} = {2F728CDC-36B4-4C37-8AC7-282617F13480}
	EndGlobalSection
	GlobalSection(ExtensibilityGlobals) = postSolution
		SolutionGuid = {1E264B16-C270-4A81-B067-AF264A863F5A}
	EndGlobalSection
EndGlobal
