
Microsoft Visual Studio Solution File, Format Version 12.00
# Visual Studio 15
VisualStudioVersion = 15.0.26430.16
MinimumVisualStudioVersion = 10.0.40219.1
Project("{2150E333-8FDC-42A3-9474-1A3956D46DE8}") = "Chapter 99. Samples", "Chapter 99. Samples", "{3FF064BB-3481-49E4-B73D-CCDDBB090CE5}"
EndProject
Project("{2150E333-8FDC-42A3-9474-1A3956D46DE8}") = "02. Tail", "02. Tail", "{8783EB71-3B69-4175-8887-F823A1627DD9}"
EndProject
Project("{FAE04EC0-301F-11D3-BF4B-00C04F79EFBC}") = "HowTo_01_CreateActor", "Samples\Tail\HowTo_01_CreateActor\HowTo_01_CreateActor.csproj", "{CAB18124-F667-4B77-8DF9-3A34A327D9CF}"
EndProject
Project("{FAE04EC0-301F-11D3-BF4B-00C04F79EFBC}") = "HowTo_02_SendMessages", "Samples\Tail\HowTo_02_SendMessages\HowTo_02_SendMessages.csproj", "{679923ED-2BB3-4E84-9362-DBDABD7DAC59}"
EndProject
Project("{FAE04EC0-301F-11D3-BF4B-00C04F79EFBC}") = "HowTo_03_UsePropsAndIActorRef", "Samples\Tail\HowTo_03_UsePropsAndIActorRef\HowTo_03_UsePropsAndIActorRef.csproj", "{4967AD62-3D6D-415A-ABAB-A75B81F3C96B}"
EndProject
Project("{FAE04EC0-301F-11D3-BF4B-00C04F79EFBC}") = "HowTo_04_UseActorHierarchies", "Samples\Tail\HowTo_04_UseActorHierarchies\HowTo_04_UseActorHierarchies.csproj", "{9EEE7416-C783-4A90-813D-B3FC8A37650C}"
EndProject
Project("{FAE04EC0-301F-11D3-BF4B-00C04F79EFBC}") = "HowTo_05_LookupActors", "Samples\Tail\HowTo_05_LookupActors\HowTo_05_LookupActors.csproj", "{85F5C8D4-3D79-4D66-8CD5-3F57D16C3F95}"
EndProject
Project("{FAE04EC0-301F-11D3-BF4B-00C04F79EFBC}") = "HowTo_06_UseActorLifecycle", "Samples\Tail\HowTo_06_UseActorLifecycle\HowTo_06_UseActorLifecycle.csproj", "{F6871106-DE0A-4C48-B2CD-E94BEF4FFA88}"
EndProject
Project("{2150E333-8FDC-42A3-9474-1A3956D46DE8}") = "Chapter 01. Concepts", "Chapter 01. Concepts", "{A25DF614-A4B8-49CD-AADC-C6CA4F409593}"
EndProject
Project("{2150E333-8FDC-42A3-9474-1A3956D46DE8}") = "Chapter 02. Fundamentals", "Chapter 02. Fundamentals", "{B84ED9A3-DC7B-40F9-ACDB-A2FC81B2A953}"
EndProject
Project("{2150E333-8FDC-42A3-9474-1A3956D46DE8}") = "01. Creating Actors", "01. Creating Actors", "{F77AE5DA-FDC4-435F-848B-69F134E5E8C5}"
EndProject
Project("{FAE04EC0-301F-11D3-BF4B-00C04F79EFBC}") = "HowTo_01_CreateActorSystem", "Fundamentals\CreatingActors\HowTo_01_CreateActorSystem\HowTo_01_CreateActorSystem.csproj", "{648E43FE-C3A0-41BF-9D1F-F8C69D14256F}"
EndProject
Project("{FAE04EC0-301F-11D3-BF4B-00C04F79EFBC}") = "HowTo_02_CreateRootActors", "Fundamentals\CreatingActors\HowTo_02_CreateRootActors\HowTo_02_CreateRootActors.csproj", "{E356A156-3E2F-43C7-A80B-D7618F3A8B57}"
EndProject
Project("{FAE04EC0-301F-11D3-BF4B-00C04F79EFBC}") = "HowTo_03_CreateChildActors", "Fundamentals\CreatingActors\HowTo_03_CreateChildActors\HowTo_03_CreateChildActors.csproj", "{1DE94293-14E6-4BB5-9CDA-ED2C8CA98787}"
EndProject
Project("{FAE04EC0-301F-11D3-BF4B-00C04F79EFBC}") = "HowTo_04_UnderstandActorPath", "Fundamentals\CreatingActors\HowTo_04_UnderstandActorPath\HowTo_04_UnderstandActorPath.csproj", "{648C627A-15AC-432D-9E7C-891F9C19DD93}"
EndProject
Project("{FAE04EC0-301F-11D3-BF4B-00C04F79EFBC}") = "HowTo_05_ImproveActorPath", "Fundamentals\CreatingActors\HowTo_05_ImproveActorPath\HowTo_05_ImproveActorPath.csproj", "{BBD3689A-8156-421D-A982-CAE360AFACEC}"
EndProject
Project("{FAE04EC0-301F-11D3-BF4B-00C04F79EFBC}") = "HowTo_06_UnderstandActorLifecycle", "Fundamentals\CreatingActors\HowTo_06_UnderstandActorLifecycle\HowTo_06_UnderstandActorLifecycle.csproj", "{2E0BF9C0-74F4-4B01-ABAF-182462EF7C25}"
EndProject
Project("{2150E333-8FDC-42A3-9474-1A3956D46DE8}") = "02. Sending Messages", "02. Sending Messages", "{034D459B-5586-4742-B515-0E19ACC6B630}"
EndProject
Project("{FAE04EC0-301F-11D3-BF4B-00C04F79EFBC}") = "HowTo_01_CreateImmutableMessages", "Fundamentals\SendingMessages\HowTo_01_CreateImmutableMessages\HowTo_01_CreateImmutableMessages.csproj", "{A6AA7E67-C2D7-43AA-8456-6D78E4746E87}"
EndProject
Project("{FAE04EC0-301F-11D3-BF4B-00C04F79EFBC}") = "HowTo_02_FireAndForget", "Fundamentals\SendingMessages\HowTo_02_FireAndForget\HowTo_02_FireAndForget.csproj", "{BE87F204-8950-4483-A353-67D1023EBC54}"
EndProject
Project("{FAE04EC0-301F-11D3-BF4B-00C04F79EFBC}") = "HowTo_03_UnderstandLooseCoupling", "Fundamentals\SendingMessages\HowTo_03_UnderstandLooseCoupling\HowTo_03_UnderstandLooseCoupling.csproj", "{AD8B3885-70F4-43A8-A21E-113011344F1A}"
EndProject
Project("{FAE04EC0-301F-11D3-BF4B-00C04F79EFBC}") = "HowTo_04_SendMessagesToTheParent", "Fundamentals\SendingMessages\HowTo_04_SendMessagesToTheParent\HowTo_04_SendMessagesToTheParent.csproj", "{75B8C98E-3062-4986-B88C-186FB745EF86}"
EndProject
Project("{FAE04EC0-301F-11D3-BF4B-00C04F79EFBC}") = "HowTo_05_SendMessagesToTheChildren", "Fundamentals\SendingMessages\HowTo_05_SendMessagesToTheChildren\HowTo_05_SendMessagesToTheChildren.csproj", "{3DEA7034-E80E-43BE-8079-F223F9F40323}"
EndProject
Project("{FAE04EC0-301F-11D3-BF4B-00C04F79EFBC}") = "HowTo_06_SendMessagesToTheCurrent", "Fundamentals\SendingMessages\HowTo_06_SendMessagesToTheCurrent\HowTo_06_SendMessagesToTheCurrent.csproj", "{5D1AEBB4-27F5-49B0-865A-1C444057326E}"
EndProject
Project("{FAE04EC0-301F-11D3-BF4B-00C04F79EFBC}") = "HowTo_07_ReplyToMessages", "Fundamentals\SendingMessages\HowTo_07_ReplyToMessages\HowTo_07_ReplyToMessages.csproj", "{D0F75781-7AFA-4CEA-8463-B9D4C6C35EC9}"
EndProject
Project("{FAE04EC0-301F-11D3-BF4B-00C04F79EFBC}") = "HowTo_08_SendMessagesRepeatedly", "Fundamentals\SendingMessages\HowTo_08_SendMessagesRepeatedly\HowTo_08_SendMessagesRepeatedly.csproj", "{B292C2D3-B447-4011-9639-17473DD1FD6B}"
EndProject
Project("{FAE04EC0-301F-11D3-BF4B-00C04F79EFBC}") = "HowTo_09_SendMessagesByPath", "Fundamentals\SendingMessages\HowTo_09_SendMessagesByPath\HowTo_09_SendMessagesByPath.csproj", "{2FC4FEB3-0BD3-4212-8381-88CF3024260A}"
EndProject
Project("{2150E333-8FDC-42A3-9474-1A3956D46DE8}") = "03. Receiving Messages", "03. Receiving Messages", "{3D28EBCA-2EBC-4257-8DEC-DF3D5060C1B3}"
EndProject
Project("{FAE04EC0-301F-11D3-BF4B-00C04F79EFBC}") = "HowTo_01_ReceiveGenericOverloads", "Fundamentals\ReceivingMessasges\HowTo_01_ReceiveGenericOverloads\HowTo_01_ReceiveGenericOverloads.csproj", "{0F3174D2-9669-481F-96ED-0E564869698E}"
EndProject
Project("{FAE04EC0-301F-11D3-BF4B-00C04F79EFBC}") = "HowTo_02_ReceiveNonGenericOverloads", "Fundamentals\ReceivingMessasges\HowTo_02_ReceiveNonGenericOverloads\HowTo_02_ReceiveNonGenericOverloads.csproj", "{F5D6229D-0FF0-47F6-A589-E2EB264723C9}"
EndProject
Project("{FAE04EC0-301F-11D3-BF4B-00C04F79EFBC}") = "HowTo_03_ReceivePriority", "Fundamentals\ReceivingMessasges\HowTo_03_ReceivePriority\HowTo_03_ReceivePriority.csproj", "{4DED1E1A-0DF5-4673-9A64-0E71DBB3BCAA}"
EndProject
Project("{FAE04EC0-301F-11D3-BF4B-00C04F79EFBC}") = "HowTo_04_ReceivePredicate", "Fundamentals\ReceivingMessasges\HowTo_04_ReceivePredicate\HowTo_04_ReceivePredicate.csproj", "{53CE0787-5379-4188-B9FE-34CE30F297BE}"
EndProject
Project("{FAE04EC0-301F-11D3-BF4B-00C04F79EFBC}") = "HowTo_05_ReceiveAny", "Fundamentals\ReceivingMessasges\HowTo_05_ReceiveAny\HowTo_05_ReceiveAny.csproj", "{E0D282DC-E76E-405C-B674-36F528BFA50C}"
EndProject
Project("{2150E333-8FDC-42A3-9474-1A3956D46DE8}") = "04. Terminating Actors", "04. Terminating Actors", "{2FA745E8-2CF6-4C4C-9A86-B777895B2052}"
EndProject
Project("{FAE04EC0-301F-11D3-BF4B-00C04F79EFBC}") = "HowTo_01_TerminateActorAsTheOrdinaryMessage", "Fundamentals\TerminatingActors\HowTo_01_TerminateActorAsTheOrdinaryMessage\HowTo_01_TerminateActorAsTheOrdinaryMessage.csproj", "{F3D3EEC7-5B5F-486E-84C3-D2EB62403E3F}"
EndProject
Project("{FAE04EC0-301F-11D3-BF4B-00C04F79EFBC}") = "HowTo_02_TerminateActorAsTheNextMessage", "Fundamentals\TerminatingActors\HowTo_02_TerminateActorAsTheNextMessage\HowTo_02_TerminateActorAsTheNextMessage.csproj", "{AE75A51C-4576-481C-B069-D41F07B4047A}"
EndProject
Project("{FAE04EC0-301F-11D3-BF4B-00C04F79EFBC}") = "HowTo_03_HandleDeadLetters", "Fundamentals\TerminatingActors\HowTo_03_HandleDeadLetters\HowTo_03_HandleDeadLetters.csproj", "{75FF862A-76FC-4D06-A8FF-F9E13A812773}"
EndProject
Project("{FAE04EC0-301F-11D3-BF4B-00C04F79EFBC}") = "HowTo_04_MonitorActorLifecycle", "Fundamentals\TerminatingActors\HowTo_04_MonitorActorLifecycle\HowTo_04_MonitorActorLifecycle.csproj", "{105F4D2E-20E6-42A4-ADC7-1442E30D3415}"
EndProject
Project("{FAE04EC0-301F-11D3-BF4B-00C04F79EFBC}") = "HowTo_05_TerminateActorStoppingChildren", "Fundamentals\TerminatingActors\HowTo_05_TerminateActorStoppingChildren\HowTo_05_TerminateActorStoppingChildren.csproj", "{8CF15B3A-E6EA-42E9-A7F9-16396B35E04E}"
EndProject
Project("{FAE04EC0-301F-11D3-BF4B-00C04F79EFBC}") = "HowTo_06_ReceiveTimeout", "Fundamentals\ReceivingMessasges\HowTo_06_ReceiveTimeout\HowTo_06_ReceiveTimeout.csproj", "{A2EB6349-47FC-44FB-A4FD-F5FC0FAE91B2}"
EndProject
Project("{2150E333-8FDC-42A3-9474-1A3956D46DE8}") = "01. Workflow", "01. Workflow", "{9CC886F9-19C8-475D-B9D9-BF9839717756}"
EndProject
Project("{FAE04EC0-301F-11D3-BF4B-00C04F79EFBC}") = "WorkflowApp", "Samples\Workflow\WorkflowApp\WorkflowApp.csproj", "{70D285DE-F1F9-4303-AA82-55E84D241422}"
EndProject
Project("{FAE04EC0-301F-11D3-BF4B-00C04F79EFBC}") = "HowTo_02_FireAndForget_Note", "Fundamentals\SendingMessages\HowTo_02_FireAndForget_Note\HowTo_02_FireAndForget_Note\HowTo_02_FireAndForget_Note.csproj", "{6272308C-74C4-482C-96F2-0E758C820AF6}"
EndProject
Project("{FAE04EC0-301F-11D3-BF4B-00C04F79EFBC}") = "HowTo_10_MessageSendCover", "Fundamentals\SendingMessages\HowTo_10_MessageSendCover\HowTo_10_MessageSendCover.csproj", "{4891FD89-C614-4BA9-9C8F-13AA2914F972}"
EndProject
Project("{FAE04EC0-301F-11D3-BF4B-00C04F79EFBC}") = "HowTo_01_ReceiveGenericOverloads_Note", "HowTo_01_ReceiveGenericOverloads_Note\HowTo_01_ReceiveGenericOverloads_Note.csproj", "{03FEF16D-1EBC-4EE6-8540-0438589A0C65}"
EndProject
Global
	GlobalSection(SolutionConfigurationPlatforms) = preSolution
		Debug|Any CPU = Debug|Any CPU
		Release|Any CPU = Release|Any CPU
	EndGlobalSection
	GlobalSection(ProjectConfigurationPlatforms) = postSolution
		{CAB18124-F667-4B77-8DF9-3A34A327D9CF}.Debug|Any CPU.ActiveCfg = Debug|Any CPU
		{CAB18124-F667-4B77-8DF9-3A34A327D9CF}.Debug|Any CPU.Build.0 = Debug|Any CPU
		{CAB18124-F667-4B77-8DF9-3A34A327D9CF}.Release|Any CPU.ActiveCfg = Release|Any CPU
		{CAB18124-F667-4B77-8DF9-3A34A327D9CF}.Release|Any CPU.Build.0 = Release|Any CPU
		{679923ED-2BB3-4E84-9362-DBDABD7DAC59}.Debug|Any CPU.ActiveCfg = Debug|Any CPU
		{679923ED-2BB3-4E84-9362-DBDABD7DAC59}.Debug|Any CPU.Build.0 = Debug|Any CPU
		{679923ED-2BB3-4E84-9362-DBDABD7DAC59}.Release|Any CPU.ActiveCfg = Release|Any CPU
		{679923ED-2BB3-4E84-9362-DBDABD7DAC59}.Release|Any CPU.Build.0 = Release|Any CPU
		{4967AD62-3D6D-415A-ABAB-A75B81F3C96B}.Debug|Any CPU.ActiveCfg = Debug|Any CPU
		{4967AD62-3D6D-415A-ABAB-A75B81F3C96B}.Debug|Any CPU.Build.0 = Debug|Any CPU
		{4967AD62-3D6D-415A-ABAB-A75B81F3C96B}.Release|Any CPU.ActiveCfg = Release|Any CPU
		{4967AD62-3D6D-415A-ABAB-A75B81F3C96B}.Release|Any CPU.Build.0 = Release|Any CPU
		{9EEE7416-C783-4A90-813D-B3FC8A37650C}.Debug|Any CPU.ActiveCfg = Debug|Any CPU
		{9EEE7416-C783-4A90-813D-B3FC8A37650C}.Debug|Any CPU.Build.0 = Debug|Any CPU
		{9EEE7416-C783-4A90-813D-B3FC8A37650C}.Release|Any CPU.ActiveCfg = Release|Any CPU
		{9EEE7416-C783-4A90-813D-B3FC8A37650C}.Release|Any CPU.Build.0 = Release|Any CPU
		{85F5C8D4-3D79-4D66-8CD5-3F57D16C3F95}.Debug|Any CPU.ActiveCfg = Debug|Any CPU
		{85F5C8D4-3D79-4D66-8CD5-3F57D16C3F95}.Debug|Any CPU.Build.0 = Debug|Any CPU
		{85F5C8D4-3D79-4D66-8CD5-3F57D16C3F95}.Release|Any CPU.ActiveCfg = Release|Any CPU
		{85F5C8D4-3D79-4D66-8CD5-3F57D16C3F95}.Release|Any CPU.Build.0 = Release|Any CPU
		{F6871106-DE0A-4C48-B2CD-E94BEF4FFA88}.Debug|Any CPU.ActiveCfg = Debug|Any CPU
		{F6871106-DE0A-4C48-B2CD-E94BEF4FFA88}.Debug|Any CPU.Build.0 = Debug|Any CPU
		{F6871106-DE0A-4C48-B2CD-E94BEF4FFA88}.Release|Any CPU.ActiveCfg = Release|Any CPU
		{F6871106-DE0A-4C48-B2CD-E94BEF4FFA88}.Release|Any CPU.Build.0 = Release|Any CPU
		{648E43FE-C3A0-41BF-9D1F-F8C69D14256F}.Debug|Any CPU.ActiveCfg = Debug|Any CPU
		{648E43FE-C3A0-41BF-9D1F-F8C69D14256F}.Debug|Any CPU.Build.0 = Debug|Any CPU
		{648E43FE-C3A0-41BF-9D1F-F8C69D14256F}.Release|Any CPU.ActiveCfg = Release|Any CPU
		{648E43FE-C3A0-41BF-9D1F-F8C69D14256F}.Release|Any CPU.Build.0 = Release|Any CPU
		{E356A156-3E2F-43C7-A80B-D7618F3A8B57}.Debug|Any CPU.ActiveCfg = Debug|Any CPU
		{E356A156-3E2F-43C7-A80B-D7618F3A8B57}.Debug|Any CPU.Build.0 = Debug|Any CPU
		{E356A156-3E2F-43C7-A80B-D7618F3A8B57}.Release|Any CPU.ActiveCfg = Release|Any CPU
		{E356A156-3E2F-43C7-A80B-D7618F3A8B57}.Release|Any CPU.Build.0 = Release|Any CPU
		{1DE94293-14E6-4BB5-9CDA-ED2C8CA98787}.Debug|Any CPU.ActiveCfg = Debug|Any CPU
		{1DE94293-14E6-4BB5-9CDA-ED2C8CA98787}.Debug|Any CPU.Build.0 = Debug|Any CPU
		{1DE94293-14E6-4BB5-9CDA-ED2C8CA98787}.Release|Any CPU.ActiveCfg = Release|Any CPU
		{1DE94293-14E6-4BB5-9CDA-ED2C8CA98787}.Release|Any CPU.Build.0 = Release|Any CPU
		{648C627A-15AC-432D-9E7C-891F9C19DD93}.Debug|Any CPU.ActiveCfg = Debug|Any CPU
		{648C627A-15AC-432D-9E7C-891F9C19DD93}.Debug|Any CPU.Build.0 = Debug|Any CPU
		{648C627A-15AC-432D-9E7C-891F9C19DD93}.Release|Any CPU.ActiveCfg = Release|Any CPU
		{648C627A-15AC-432D-9E7C-891F9C19DD93}.Release|Any CPU.Build.0 = Release|Any CPU
		{BBD3689A-8156-421D-A982-CAE360AFACEC}.Debug|Any CPU.ActiveCfg = Debug|Any CPU
		{BBD3689A-8156-421D-A982-CAE360AFACEC}.Debug|Any CPU.Build.0 = Debug|Any CPU
		{BBD3689A-8156-421D-A982-CAE360AFACEC}.Release|Any CPU.ActiveCfg = Release|Any CPU
		{BBD3689A-8156-421D-A982-CAE360AFACEC}.Release|Any CPU.Build.0 = Release|Any CPU
		{2E0BF9C0-74F4-4B01-ABAF-182462EF7C25}.Debug|Any CPU.ActiveCfg = Debug|Any CPU
		{2E0BF9C0-74F4-4B01-ABAF-182462EF7C25}.Debug|Any CPU.Build.0 = Debug|Any CPU
		{2E0BF9C0-74F4-4B01-ABAF-182462EF7C25}.Release|Any CPU.ActiveCfg = Release|Any CPU
		{2E0BF9C0-74F4-4B01-ABAF-182462EF7C25}.Release|Any CPU.Build.0 = Release|Any CPU
		{A6AA7E67-C2D7-43AA-8456-6D78E4746E87}.Debug|Any CPU.ActiveCfg = Debug|Any CPU
		{A6AA7E67-C2D7-43AA-8456-6D78E4746E87}.Debug|Any CPU.Build.0 = Debug|Any CPU
		{A6AA7E67-C2D7-43AA-8456-6D78E4746E87}.Release|Any CPU.ActiveCfg = Release|Any CPU
		{A6AA7E67-C2D7-43AA-8456-6D78E4746E87}.Release|Any CPU.Build.0 = Release|Any CPU
		{BE87F204-8950-4483-A353-67D1023EBC54}.Debug|Any CPU.ActiveCfg = Debug|Any CPU
		{BE87F204-8950-4483-A353-67D1023EBC54}.Debug|Any CPU.Build.0 = Debug|Any CPU
		{BE87F204-8950-4483-A353-67D1023EBC54}.Release|Any CPU.ActiveCfg = Release|Any CPU
		{BE87F204-8950-4483-A353-67D1023EBC54}.Release|Any CPU.Build.0 = Release|Any CPU
		{AD8B3885-70F4-43A8-A21E-113011344F1A}.Debug|Any CPU.ActiveCfg = Debug|Any CPU
		{AD8B3885-70F4-43A8-A21E-113011344F1A}.Debug|Any CPU.Build.0 = Debug|Any CPU
		{AD8B3885-70F4-43A8-A21E-113011344F1A}.Release|Any CPU.ActiveCfg = Release|Any CPU
		{AD8B3885-70F4-43A8-A21E-113011344F1A}.Release|Any CPU.Build.0 = Release|Any CPU
		{75B8C98E-3062-4986-B88C-186FB745EF86}.Debug|Any CPU.ActiveCfg = Debug|Any CPU
		{75B8C98E-3062-4986-B88C-186FB745EF86}.Debug|Any CPU.Build.0 = Debug|Any CPU
		{75B8C98E-3062-4986-B88C-186FB745EF86}.Release|Any CPU.ActiveCfg = Release|Any CPU
		{75B8C98E-3062-4986-B88C-186FB745EF86}.Release|Any CPU.Build.0 = Release|Any CPU
		{3DEA7034-E80E-43BE-8079-F223F9F40323}.Debug|Any CPU.ActiveCfg = Debug|Any CPU
		{3DEA7034-E80E-43BE-8079-F223F9F40323}.Debug|Any CPU.Build.0 = Debug|Any CPU
		{3DEA7034-E80E-43BE-8079-F223F9F40323}.Release|Any CPU.ActiveCfg = Release|Any CPU
		{3DEA7034-E80E-43BE-8079-F223F9F40323}.Release|Any CPU.Build.0 = Release|Any CPU
		{5D1AEBB4-27F5-49B0-865A-1C444057326E}.Debug|Any CPU.ActiveCfg = Debug|Any CPU
		{5D1AEBB4-27F5-49B0-865A-1C444057326E}.Debug|Any CPU.Build.0 = Debug|Any CPU
		{5D1AEBB4-27F5-49B0-865A-1C444057326E}.Release|Any CPU.ActiveCfg = Release|Any CPU
		{5D1AEBB4-27F5-49B0-865A-1C444057326E}.Release|Any CPU.Build.0 = Release|Any CPU
		{D0F75781-7AFA-4CEA-8463-B9D4C6C35EC9}.Debug|Any CPU.ActiveCfg = Debug|Any CPU
		{D0F75781-7AFA-4CEA-8463-B9D4C6C35EC9}.Debug|Any CPU.Build.0 = Debug|Any CPU
		{D0F75781-7AFA-4CEA-8463-B9D4C6C35EC9}.Release|Any CPU.ActiveCfg = Release|Any CPU
		{D0F75781-7AFA-4CEA-8463-B9D4C6C35EC9}.Release|Any CPU.Build.0 = Release|Any CPU
		{B292C2D3-B447-4011-9639-17473DD1FD6B}.Debug|Any CPU.ActiveCfg = Debug|Any CPU
		{B292C2D3-B447-4011-9639-17473DD1FD6B}.Debug|Any CPU.Build.0 = Debug|Any CPU
		{B292C2D3-B447-4011-9639-17473DD1FD6B}.Release|Any CPU.ActiveCfg = Release|Any CPU
		{B292C2D3-B447-4011-9639-17473DD1FD6B}.Release|Any CPU.Build.0 = Release|Any CPU
		{2FC4FEB3-0BD3-4212-8381-88CF3024260A}.Debug|Any CPU.ActiveCfg = Debug|Any CPU
		{2FC4FEB3-0BD3-4212-8381-88CF3024260A}.Debug|Any CPU.Build.0 = Debug|Any CPU
		{2FC4FEB3-0BD3-4212-8381-88CF3024260A}.Release|Any CPU.ActiveCfg = Release|Any CPU
		{2FC4FEB3-0BD3-4212-8381-88CF3024260A}.Release|Any CPU.Build.0 = Release|Any CPU
		{0F3174D2-9669-481F-96ED-0E564869698E}.Debug|Any CPU.ActiveCfg = Debug|Any CPU
		{0F3174D2-9669-481F-96ED-0E564869698E}.Debug|Any CPU.Build.0 = Debug|Any CPU
		{0F3174D2-9669-481F-96ED-0E564869698E}.Release|Any CPU.ActiveCfg = Release|Any CPU
		{0F3174D2-9669-481F-96ED-0E564869698E}.Release|Any CPU.Build.0 = Release|Any CPU
		{F5D6229D-0FF0-47F6-A589-E2EB264723C9}.Debug|Any CPU.ActiveCfg = Debug|Any CPU
		{F5D6229D-0FF0-47F6-A589-E2EB264723C9}.Debug|Any CPU.Build.0 = Debug|Any CPU
		{F5D6229D-0FF0-47F6-A589-E2EB264723C9}.Release|Any CPU.ActiveCfg = Release|Any CPU
		{F5D6229D-0FF0-47F6-A589-E2EB264723C9}.Release|Any CPU.Build.0 = Release|Any CPU
		{4DED1E1A-0DF5-4673-9A64-0E71DBB3BCAA}.Debug|Any CPU.ActiveCfg = Debug|Any CPU
		{4DED1E1A-0DF5-4673-9A64-0E71DBB3BCAA}.Debug|Any CPU.Build.0 = Debug|Any CPU
		{4DED1E1A-0DF5-4673-9A64-0E71DBB3BCAA}.Release|Any CPU.ActiveCfg = Release|Any CPU
		{4DED1E1A-0DF5-4673-9A64-0E71DBB3BCAA}.Release|Any CPU.Build.0 = Release|Any CPU
		{53CE0787-5379-4188-B9FE-34CE30F297BE}.Debug|Any CPU.ActiveCfg = Debug|Any CPU
		{53CE0787-5379-4188-B9FE-34CE30F297BE}.Debug|Any CPU.Build.0 = Debug|Any CPU
		{53CE0787-5379-4188-B9FE-34CE30F297BE}.Release|Any CPU.ActiveCfg = Release|Any CPU
		{53CE0787-5379-4188-B9FE-34CE30F297BE}.Release|Any CPU.Build.0 = Release|Any CPU
		{E0D282DC-E76E-405C-B674-36F528BFA50C}.Debug|Any CPU.ActiveCfg = Debug|Any CPU
		{E0D282DC-E76E-405C-B674-36F528BFA50C}.Debug|Any CPU.Build.0 = Debug|Any CPU
		{E0D282DC-E76E-405C-B674-36F528BFA50C}.Release|Any CPU.ActiveCfg = Release|Any CPU
		{E0D282DC-E76E-405C-B674-36F528BFA50C}.Release|Any CPU.Build.0 = Release|Any CPU
		{F3D3EEC7-5B5F-486E-84C3-D2EB62403E3F}.Debug|Any CPU.ActiveCfg = Debug|Any CPU
		{F3D3EEC7-5B5F-486E-84C3-D2EB62403E3F}.Debug|Any CPU.Build.0 = Debug|Any CPU
		{F3D3EEC7-5B5F-486E-84C3-D2EB62403E3F}.Release|Any CPU.ActiveCfg = Release|Any CPU
		{F3D3EEC7-5B5F-486E-84C3-D2EB62403E3F}.Release|Any CPU.Build.0 = Release|Any CPU
		{AE75A51C-4576-481C-B069-D41F07B4047A}.Debug|Any CPU.ActiveCfg = Debug|Any CPU
		{AE75A51C-4576-481C-B069-D41F07B4047A}.Debug|Any CPU.Build.0 = Debug|Any CPU
		{AE75A51C-4576-481C-B069-D41F07B4047A}.Release|Any CPU.ActiveCfg = Release|Any CPU
		{AE75A51C-4576-481C-B069-D41F07B4047A}.Release|Any CPU.Build.0 = Release|Any CPU
		{75FF862A-76FC-4D06-A8FF-F9E13A812773}.Debug|Any CPU.ActiveCfg = Debug|Any CPU
		{75FF862A-76FC-4D06-A8FF-F9E13A812773}.Debug|Any CPU.Build.0 = Debug|Any CPU
		{75FF862A-76FC-4D06-A8FF-F9E13A812773}.Release|Any CPU.ActiveCfg = Release|Any CPU
		{75FF862A-76FC-4D06-A8FF-F9E13A812773}.Release|Any CPU.Build.0 = Release|Any CPU
		{105F4D2E-20E6-42A4-ADC7-1442E30D3415}.Debug|Any CPU.ActiveCfg = Debug|Any CPU
		{105F4D2E-20E6-42A4-ADC7-1442E30D3415}.Debug|Any CPU.Build.0 = Debug|Any CPU
		{105F4D2E-20E6-42A4-ADC7-1442E30D3415}.Release|Any CPU.ActiveCfg = Release|Any CPU
		{105F4D2E-20E6-42A4-ADC7-1442E30D3415}.Release|Any CPU.Build.0 = Release|Any CPU
		{8CF15B3A-E6EA-42E9-A7F9-16396B35E04E}.Debug|Any CPU.ActiveCfg = Debug|Any CPU
		{8CF15B3A-E6EA-42E9-A7F9-16396B35E04E}.Debug|Any CPU.Build.0 = Debug|Any CPU
		{8CF15B3A-E6EA-42E9-A7F9-16396B35E04E}.Release|Any CPU.ActiveCfg = Release|Any CPU
		{8CF15B3A-E6EA-42E9-A7F9-16396B35E04E}.Release|Any CPU.Build.0 = Release|Any CPU
		{A2EB6349-47FC-44FB-A4FD-F5FC0FAE91B2}.Debug|Any CPU.ActiveCfg = Debug|Any CPU
		{A2EB6349-47FC-44FB-A4FD-F5FC0FAE91B2}.Debug|Any CPU.Build.0 = Debug|Any CPU
		{A2EB6349-47FC-44FB-A4FD-F5FC0FAE91B2}.Release|Any CPU.ActiveCfg = Release|Any CPU
		{A2EB6349-47FC-44FB-A4FD-F5FC0FAE91B2}.Release|Any CPU.Build.0 = Release|Any CPU
		{70D285DE-F1F9-4303-AA82-55E84D241422}.Debug|Any CPU.ActiveCfg = Debug|Any CPU
		{70D285DE-F1F9-4303-AA82-55E84D241422}.Debug|Any CPU.Build.0 = Debug|Any CPU
		{70D285DE-F1F9-4303-AA82-55E84D241422}.Release|Any CPU.ActiveCfg = Release|Any CPU
		{70D285DE-F1F9-4303-AA82-55E84D241422}.Release|Any CPU.Build.0 = Release|Any CPU
		{6272308C-74C4-482C-96F2-0E758C820AF6}.Debug|Any CPU.ActiveCfg = Debug|Any CPU
		{6272308C-74C4-482C-96F2-0E758C820AF6}.Debug|Any CPU.Build.0 = Debug|Any CPU
		{6272308C-74C4-482C-96F2-0E758C820AF6}.Release|Any CPU.ActiveCfg = Release|Any CPU
		{6272308C-74C4-482C-96F2-0E758C820AF6}.Release|Any CPU.Build.0 = Release|Any CPU
		{4891FD89-C614-4BA9-9C8F-13AA2914F972}.Debug|Any CPU.ActiveCfg = Debug|Any CPU
		{4891FD89-C614-4BA9-9C8F-13AA2914F972}.Debug|Any CPU.Build.0 = Debug|Any CPU
		{4891FD89-C614-4BA9-9C8F-13AA2914F972}.Release|Any CPU.ActiveCfg = Release|Any CPU
		{4891FD89-C614-4BA9-9C8F-13AA2914F972}.Release|Any CPU.Build.0 = Release|Any CPU
		{03FEF16D-1EBC-4EE6-8540-0438589A0C65}.Debug|Any CPU.ActiveCfg = Debug|Any CPU
		{03FEF16D-1EBC-4EE6-8540-0438589A0C65}.Debug|Any CPU.Build.0 = Debug|Any CPU
		{03FEF16D-1EBC-4EE6-8540-0438589A0C65}.Release|Any CPU.ActiveCfg = Release|Any CPU
		{03FEF16D-1EBC-4EE6-8540-0438589A0C65}.Release|Any CPU.Build.0 = Release|Any CPU
	EndGlobalSection
	GlobalSection(SolutionProperties) = preSolution
		HideSolutionNode = FALSE
	EndGlobalSection
	GlobalSection(NestedProjects) = preSolution
		{8783EB71-3B69-4175-8887-F823A1627DD9} = {3FF064BB-3481-49E4-B73D-CCDDBB090CE5}
		{CAB18124-F667-4B77-8DF9-3A34A327D9CF} = {8783EB71-3B69-4175-8887-F823A1627DD9}
		{679923ED-2BB3-4E84-9362-DBDABD7DAC59} = {8783EB71-3B69-4175-8887-F823A1627DD9}
		{4967AD62-3D6D-415A-ABAB-A75B81F3C96B} = {8783EB71-3B69-4175-8887-F823A1627DD9}
		{9EEE7416-C783-4A90-813D-B3FC8A37650C} = {8783EB71-3B69-4175-8887-F823A1627DD9}
		{85F5C8D4-3D79-4D66-8CD5-3F57D16C3F95} = {8783EB71-3B69-4175-8887-F823A1627DD9}
		{F6871106-DE0A-4C48-B2CD-E94BEF4FFA88} = {8783EB71-3B69-4175-8887-F823A1627DD9}
		{F77AE5DA-FDC4-435F-848B-69F134E5E8C5} = {B84ED9A3-DC7B-40F9-ACDB-A2FC81B2A953}
		{648E43FE-C3A0-41BF-9D1F-F8C69D14256F} = {F77AE5DA-FDC4-435F-848B-69F134E5E8C5}
		{E356A156-3E2F-43C7-A80B-D7618F3A8B57} = {F77AE5DA-FDC4-435F-848B-69F134E5E8C5}
		{1DE94293-14E6-4BB5-9CDA-ED2C8CA98787} = {F77AE5DA-FDC4-435F-848B-69F134E5E8C5}
		{648C627A-15AC-432D-9E7C-891F9C19DD93} = {F77AE5DA-FDC4-435F-848B-69F134E5E8C5}
		{BBD3689A-8156-421D-A982-CAE360AFACEC} = {F77AE5DA-FDC4-435F-848B-69F134E5E8C5}
		{2E0BF9C0-74F4-4B01-ABAF-182462EF7C25} = {F77AE5DA-FDC4-435F-848B-69F134E5E8C5}
		{034D459B-5586-4742-B515-0E19ACC6B630} = {B84ED9A3-DC7B-40F9-ACDB-A2FC81B2A953}
		{A6AA7E67-C2D7-43AA-8456-6D78E4746E87} = {034D459B-5586-4742-B515-0E19ACC6B630}
		{BE87F204-8950-4483-A353-67D1023EBC54} = {034D459B-5586-4742-B515-0E19ACC6B630}
		{AD8B3885-70F4-43A8-A21E-113011344F1A} = {034D459B-5586-4742-B515-0E19ACC6B630}
		{75B8C98E-3062-4986-B88C-186FB745EF86} = {034D459B-5586-4742-B515-0E19ACC6B630}
		{3DEA7034-E80E-43BE-8079-F223F9F40323} = {034D459B-5586-4742-B515-0E19ACC6B630}
		{5D1AEBB4-27F5-49B0-865A-1C444057326E} = {034D459B-5586-4742-B515-0E19ACC6B630}
		{D0F75781-7AFA-4CEA-8463-B9D4C6C35EC9} = {034D459B-5586-4742-B515-0E19ACC6B630}
		{B292C2D3-B447-4011-9639-17473DD1FD6B} = {034D459B-5586-4742-B515-0E19ACC6B630}
		{2FC4FEB3-0BD3-4212-8381-88CF3024260A} = {034D459B-5586-4742-B515-0E19ACC6B630}
		{3D28EBCA-2EBC-4257-8DEC-DF3D5060C1B3} = {B84ED9A3-DC7B-40F9-ACDB-A2FC81B2A953}
		{0F3174D2-9669-481F-96ED-0E564869698E} = {3D28EBCA-2EBC-4257-8DEC-DF3D5060C1B3}
		{F5D6229D-0FF0-47F6-A589-E2EB264723C9} = {3D28EBCA-2EBC-4257-8DEC-DF3D5060C1B3}
		{4DED1E1A-0DF5-4673-9A64-0E71DBB3BCAA} = {3D28EBCA-2EBC-4257-8DEC-DF3D5060C1B3}
		{53CE0787-5379-4188-B9FE-34CE30F297BE} = {3D28EBCA-2EBC-4257-8DEC-DF3D5060C1B3}
		{E0D282DC-E76E-405C-B674-36F528BFA50C} = {3D28EBCA-2EBC-4257-8DEC-DF3D5060C1B3}
		{2FA745E8-2CF6-4C4C-9A86-B777895B2052} = {B84ED9A3-DC7B-40F9-ACDB-A2FC81B2A953}
		{F3D3EEC7-5B5F-486E-84C3-D2EB62403E3F} = {2FA745E8-2CF6-4C4C-9A86-B777895B2052}
		{AE75A51C-4576-481C-B069-D41F07B4047A} = {2FA745E8-2CF6-4C4C-9A86-B777895B2052}
		{75FF862A-76FC-4D06-A8FF-F9E13A812773} = {2FA745E8-2CF6-4C4C-9A86-B777895B2052}
		{105F4D2E-20E6-42A4-ADC7-1442E30D3415} = {2FA745E8-2CF6-4C4C-9A86-B777895B2052}
		{8CF15B3A-E6EA-42E9-A7F9-16396B35E04E} = {2FA745E8-2CF6-4C4C-9A86-B777895B2052}
		{A2EB6349-47FC-44FB-A4FD-F5FC0FAE91B2} = {3D28EBCA-2EBC-4257-8DEC-DF3D5060C1B3}
		{9CC886F9-19C8-475D-B9D9-BF9839717756} = {3FF064BB-3481-49E4-B73D-CCDDBB090CE5}
		{70D285DE-F1F9-4303-AA82-55E84D241422} = {9CC886F9-19C8-475D-B9D9-BF9839717756}
		{6272308C-74C4-482C-96F2-0E758C820AF6} = {034D459B-5586-4742-B515-0E19ACC6B630}
		{4891FD89-C614-4BA9-9C8F-13AA2914F972} = {034D459B-5586-4742-B515-0E19ACC6B630}
		{03FEF16D-1EBC-4EE6-8540-0438589A0C65} = {3D28EBCA-2EBC-4257-8DEC-DF3D5060C1B3}
	EndGlobalSection
	GlobalSection(ExtensibilityGlobals) = postSolution
		SolutionGuid = {A585D28B-D2C0-463E-97E9-E50E77CA6B08}
	EndGlobalSection
EndGlobal
